<Solution>
  <Folder Name="/Config/">
    <File Path="../CHANGELOG.md" />
    <File Path="../README.md" />
    <File Path="../.editorconfig" />
    <File Path="../.globalconfig" />
    <File Path="global.json" />
  </Folder>
  <Project Path="Credfeto.Random.Interfaces/Credfeto.Random.Interfaces.csproj" />
  <Project Path="Credfeto.Random.Tests/Credfeto.Random.Tests.csproj" />
  <Project Path="Credfeto.Random/Credfeto.Random.csproj" />
</Solution>
